<Solution>
  <Folder Name="/src/">
    <Project Path="src/BugSwatter.Common/BugSwatter.Common.csproj" />
    <Project Path="src/Marshal/Marshal.csproj" />
    <Project Path="src/SlimShady/SlimShady.csproj" />
  </Folder>
  <Folder Name="/tests/">
    <Project Path="tests/Marshal.Tests/Marshal.Tests.csproj" />
    <Project Path="tests/SlimShady.Tests/SlimShady.Tests.csproj" />
  </Folder>
</Solution>
